// !$*UTF8*$!
{
	archiveVersion = 1;
	classes = {
	};
	objectVersion = 46;
	objects = {

/* Begin PBXBuildFile section */
		8571993918FD19B400F4515B /* Foundation.framework in Frameworks */ = {isa = PBXBuildFile; fileRef = 8571993818FD19B400F4515B /* Foundation.framework */; };
		8571993B18FD19B400F4515B /* CoreGraphics.framework in Frameworks */ = {isa = PBXBuildFile; fileRef = 8571993A18FD19B400F4515B /* CoreGraphics.framework */; };
		8571993D18FD19B400F4515B /* UIKit.framework in Frameworks */ = {isa = PBXBuildFile; fileRef = 8571993C18FD19B400F4515B /* UIKit.framework */; };
		8571994318FD19B400F4515B /* InfoPlist.strings in Resources */ = {isa = PBXBuildFile; fileRef = 8571994118FD19B400F4515B /* InfoPlist.strings */; };
		8571994518FD19B400F4515B /* main.m in Sources */ = {isa = PBXBuildFile; fileRef = 8571994418FD19B400F4515B /* main.m */; };
		8571994918FD19B400F4515B /* KQAppDelegate.m in Sources */ = {isa = PBXBuildFile; fileRef = 8571994818FD19B400F4515B /* KQAppDelegate.m */; };
		8571994C18FD19B500F4515B /* Main.storyboard in Resources */ = {isa = PBXBuildFile; fileRef = 8571994A18FD19B500F4515B /* Main.storyboard */; };
		8571994F18FD19B500F4515B /* KQViewController.m in Sources */ = {isa = PBXBuildFile; fileRef = 8571994E18FD19B500F4515B /* KQViewController.m */; };
		8571995118FD19B500F4515B /* Images.xcassets in Resources */ = {isa = PBXBuildFile; fileRef = 8571995018FD19B500F4515B /* Images.xcassets */; };
		8571995818FD19B500F4515B /* XCTest.framework in Frameworks */ = {isa = PBXBuildFile; fileRef = 8571995718FD19B500F4515B /* XCTest.framework */; };
		8571995918FD19B500F4515B /* Foundation.framework in Frameworks */ = {isa = PBXBuildFile; fileRef = 8571993818FD19B400F4515B /* Foundation.framework */; };
		8571995A18FD19B500F4515B /* UIKit.framework in Frameworks */ = {isa = PBXBuildFile; fileRef = 8571993C18FD19B400F4515B /* UIKit.framework */; };
		8571996218FD19B500F4515B /* InfoPlist.strings in Resources */ = {isa = PBXBuildFile; fileRef = 8571996018FD19B500F4515B /* InfoPlist.strings */; };
		8571996418FD19B500F4515B /* UITableViewTestTests.m in Sources */ = {isa = PBXBuildFile; fileRef = 8571996318FD19B500F4515B /* UITableViewTestTests.m */; };
/* End PBXBuildFile section */

/* Begin PBXContainerItemProxy section */
		8571995B18FD19B500F4515B /* PBXContainerItemProxy */ = {
			isa = PBXContainerItemProxy;
			containerPortal = 8571992D18FD19B400F4515B /* Project object */;
			proxyType = 1;
			remoteGlobalIDString = 8571993418FD19B400F4515B;
			remoteInfo = UITableViewTest;
		};
/* End PBXContainerItemProxy section */

/* Begin PBXFileReference section */
		8571993518FD19B400F4515B /* UITableViewTest.app */ = {isa = PBXFileReference; explicitFileType = wrapper.application; includeInIndex = 0; path = UITableViewTest.app; sourceTree = BUILT_PRODUCTS_DIR; };
		8571993818FD19B400F4515B /* Foundation.framework */ = {isa = PBXFileReference; lastKnownFileType = wrapper.framework; name = Foundation.framework; path = System/Library/Frameworks/Foundation.framework; sourceTree = SDKROOT; };
		8571993A18FD19B400F4515B /* CoreGraphics.framework */ = {isa = PBXFileReference; lastKnownFileType = wrapper.framework; name = CoreGraphics.framework; path = System/Library/Frameworks/CoreGraphics.framework; sourceTree = SDKROOT; };
		8571993C18FD19B400F4515B /* UIKit.framework */ = {isa = PBXFileReference; lastKnownFileType = wrapper.framework; name = UIKit.framework; path = System/Library/Frameworks/UIKit.framework; sourceTree = SDKROOT; };
		8571994018FD19B400F4515B /* UITableViewTest-Info.plist */ = {isa = PBXFileReference; lastKnownFileType = text.plist.xml; path = "UITableViewTest-Info.plist"; sourceTree = "<group>"; };
		8571994218FD19B400F4515B /* en */ = {isa = PBXFileReference; lastKnownFileType = text.plist.strings; name = en; path = en.lproj/InfoPlist.strings; sourceTree = "<group>"; };
		8571994418FD19B400F4515B /* main.m */ = {isa = PBXFileReference; lastKnownFileType = sourcecode.c.objc; path = main.m; sourceTree = "<group>"; };
		8571994618FD19B400F4515B /* UITableViewTest-Prefix.pch */ = {isa = PBXFileReference; lastKnownFileType = sourcecode.c.h; path = "UITableViewTest-Prefix.pch"; sourceTree = "<group>"; };
		8571994718FD19B400F4515B /* KQAppDelegate.h */ = {isa = PBXFileReference; lastKnownFileType = sourcecode.c.h; path = KQAppDelegate.h; sourceTree = "<group>"; };
		8571994818FD19B400F4515B /* KQAppDelegate.m */ = {isa = PBXFileReference; lastKnownFileType = sourcecode.c.objc; path = KQAppDelegate.m; sourceTree = "<group>"; };
		8571994B18FD19B500F4515B /* Base */ = {isa = PBXFileReference; lastKnownFileType = file.storyboard; name = Base; path = Base.lproj/Main.storyboard; sourceTree = "<group>"; };
		8571994D18FD19B500F4515B /* KQViewController.h */ = {isa = PBXFileReference; lastKnownFileType = sourcecode.c.h; path = KQViewController.h; sourceTree = "<group>"; };
		8571994E18FD19B500F4515B /* KQViewController.m */ = {isa = PBXFileReference; lastKnownFileType = sourcecode.c.objc; path = KQViewController.m; sourceTree = "<group>"; };
		8571995018FD19B500F4515B /* Images.xcassets */ = {isa = PBXFileReference; lastKnownFileType = folder.assetcatalog; path = Images.xcassets; sourceTree = "<group>"; };
		8571995618FD19B500F4515B /* UITableViewTestTests.xctest */ = {isa = PBXFileReference; explicitFileType = wrapper.cfbundle; includeInIndex = 0; path = UITableViewTestTests.xctest; sourceTree = BUILT_PRODUCTS_DIR; };
		8571995718FD19B500F4515B /* XCTest.framework */ = {isa = PBXFileReference; lastKnownFileType = wrapper.framework; name = XCTest.framework; path = Library/Frameworks/XCTest.framework; sourceTree = DEVELOPER_DIR; };
		8571995F18FD19B500F4515B /* UITableViewTestTests-Info.plist */ = {isa = PBXFileReference; lastKnownFileType = text.plist.xml; path = "UITableViewTestTests-Info.plist"; sourceTree = "<group>"; };
		8571996118FD19B500F4515B /* en */ = {isa = PBXFileReference; lastKnownFileType = text.plist.strings; name = en; path = en.lproj/InfoPlist.strings; sourceTree = "<group>"; };
		8571996318FD19B500F4515B /* UITableViewTestTests.m */ = {isa = PBXFileReference; lastKnownFileType = sourcecode.c.objc; path = UITableViewTestTests.m; sourceTree = "<group>"; };
/* End PBXFileReference section */

/* Begin PBXFrameworksBuildPhase section */
		8571993218FD19B400F4515B /* Frameworks */ = {
			isa = PBXFrameworksBuildPhase;
			buildActionMask = 2147483647;
			files = (
				8571993B18FD19B400F4515B /* CoreGraphics.framework in Frameworks */,
				8571993D18FD19B400F4515B /* UIKit.framework in Frameworks */,
				8571993918FD19B400F4515B /* Foundation.framework in Frameworks */,
			);
			runOnlyForDeploymentPostprocessing = 0;
		};
		8571995318FD19B500F4515B /* Frameworks */ = {
			isa = PBXFrameworksBuildPhase;
			buildActionMask = 2147483647;
			files = (
				8571995818FD19B500F4515B /* XCTest.framework in Frameworks */,
				8571995A18FD19B500F4515B /* UIKit.framework in Frameworks */,
				8571995918FD19B500F4515B /* Foundation.framework in Frameworks */,
			);
			runOnlyForDeploymentPostprocessing = 0;
		};
/* End PBXFrameworksBuildPhase section */

/* Begin PBXGroup section */
		8571992C18FD19B400F4515B = {
			isa = PBXGroup;
			children = (
				8571993E18FD19B400F4515B /* UITableViewTest */,
				8571995D18FD19B500F4515B /* UITableViewTestTests */,
				8571993718FD19B400F4515B /* Frameworks */,
				8571993618FD19B400F4515B /* Products */,
			);
			sourceTree = "<group>";
		};
		8571993618FD19B400F4515B /* Products */ = {
			isa = PBXGroup;
			children = (
				8571993518FD19B400F4515B /* UITableViewTest.app */,
				8571995618FD19B500F4515B /* UITableViewTestTests.xctest */,
			);
			name = Products;
			sourceTree = "<group>";
		};
		8571993718FD19B400F4515B /* Frameworks */ = {
			isa = PBXGroup;
			children = (
				8571993818FD19B400F4515B /* Foundation.framework */,
				8571993A18FD19B400F4515B /* CoreGraphics.framework */,
				8571993C18FD19B400F4515B /* UIKit.framework */,
				8571995718FD19B500F4515B /* XCTest.framework */,
			);
			name = Frameworks;
			sourceTree = "<group>";
		};
		8571993E18FD19B400F4515B /* UITableViewTest */ = {
			isa = PBXGroup;
			children = (
				8571994718FD19B400F4515B /* KQAppDelegate.h */,
				8571994818FD19B400F4515B /* KQAppDelegate.m */,
				8571994A18FD19B500F4515B /* Main.storyboard */,
				8571994D18FD19B500F4515B /* KQViewController.h */,
				8571994E18FD19B500F4515B /* KQViewController.m */,
				8571995018FD19B500F4515B /* Images.xcassets */,
				8571993F18FD19B400F4515B /* Supporting Files */,
			);
			path = UITableViewTest;
			sourceTree = "<group>";
		};
		8571993F18FD19B400F4515B /* Supporting Files */ = {
			isa = PBXGroup;
			children = (
				8571994018FD19B400F4515B /* UITableViewTest-Info.plist */,
				8571994118FD19B400F4515B /* InfoPlist.strings */,
				8571994418FD19B400F4515B /* main.m */,
				8571994618FD19B400F4515B /* UITableViewTest-Prefix.pch */,
			);
			name = "Supporting Files";
			sourceTree = "<group>";
		};
		8571995D18FD19B500F4515B /* UITableViewTestTests */ = {
			isa = PBXGroup;
			children = (
				8571996318FD19B500F4515B /* UITableViewTestTests.m */,
				8571995E18FD19B500F4515B /* Supporting Files */,
			);
			path = UITableViewTestTests;
			sourceTree = "<group>";
		};
		8571995E18FD19B500F4515B /* Supporting Files */ = {
			isa = PBXGroup;
			children = (
				8571995F18FD19B500F4515B /* UITableViewTestTests-Info.plist */,
				8571996018FD19B500F4515B /* InfoPlist.strings */,
			);
			name = "Supporting Files";
			sourceTree = "<group>";
		};
/* End PBXGroup section */

/* Begin PBXNativeTarget section */
		8571993418FD19B400F4515B /* UITableViewTest */ = {
			isa = PBXNativeTarget;
			buildConfigurationList = 8571996718FD19B500F4515B /* Build configuration list for PBXNativeTarget "UITableViewTest" */;
			buildPhases = (
				8571993118FD19B400F4515B /* Sources */,
				8571993218FD19B400F4515B /* Frameworks */,
				8571993318FD19B400F4515B /* Resources */,
			);
			buildRules = (
			);
			dependencies = (
			);
			name = UITableViewTest;
			productName = UITableViewTest;
			productReference = 8571993518FD19B400F4515B /* UITableViewTest.app */;
			productType = "com.apple.product-type.application";
		};
		8571995518FD19B500F4515B /* UITableViewTestTests */ = {
			isa = PBXNativeTarget;
			buildConfigurationList = 8571996A18FD19B500F4515B /* Build configuration list for PBXNativeTarget "UITableViewTestTests" */;
			buildPhases = (
				8571995218FD19B500F4515B /* Sources */,
				8571995318FD19B500F4515B /* Frameworks */,
				8571995418FD19B500F4515B /* Resources */,
			);
			buildRules = (
			);
			dependencies = (
				8571995C18FD19B500F4515B /* PBXTargetDependency */,
			);
			name = UITableViewTestTests;
			productName = UITableViewTestTests;
			productReference = 8571995618FD19B500F4515B /* UITableViewTestTests.xctest */;
			productType = "com.apple.product-type.bundle.unit-test";
		};
/* End PBXNativeTarget section */

/* Begin PBXProject section */
		8571992D18FD19B400F4515B /* Project object */ = {
			isa = PBXProject;
			attributes = {
				CLASSPREFIX = KQ;
				LastUpgradeCheck = 0510;
				ORGANIZATIONNAME = "Qian Wang";
				TargetAttributes = {
					8571995518FD19B500F4515B = {
						TestTargetID = 8571993418FD19B400F4515B;
					};
				};
			};
			buildConfigurationList = 8571993018FD19B400F4515B /* Build configuration list for PBXProject "UITableViewTest" */;
			compatibilityVersion = "Xcode 3.2";
			developmentRegion = English;
			hasScannedForEncodings = 0;
			knownRegions = (
				en,
				Base,
			);
			mainGroup = 8571992C18FD19B400F4515B;
			productRefGroup = 8571993618FD19B400F4515B /* Products */;
			projectDirPath = "";
			projectRoot = "";
			targets = (
				8571993418FD19B400F4515B /* UITableViewTest */,
				8571995518FD19B500F4515B /* UITableViewTestTests */,
			);
		};
/* End PBXProject section */

/* Begin PBXResourcesBuildPhase section */
		8571993318FD19B400F4515B /* Resources */ = {
			isa = PBXResourcesBuildPhase;
			buildActionMask = 2147483647;
			files = (
				8571995118FD19B500F4515B /* Images.xcassets in Resources */,
				8571994318FD19B400F4515B /* InfoPlist.strings in Resources */,
				8571994C18FD19B500F4515B /* Main.storyboard in Resources */,
			);
			runOnlyForDeploymentPostprocessing = 0;
		};
		8571995418FD19B500F4515B /* Resources */ = {
			isa = PBXResourcesBuildPhase;
			buildActionMask = 2147483647;
			files = (
				8571996218FD19B500F4515B /* InfoPlist.strings in Resources */,
			);
			runOnlyForDeploymentPostprocessing = 0;
		};
/* End PBXResourcesBuildPhase section */

/* Begin PBXSourcesBuildPhase section */
		8571993118FD19B400F4515B /* Sources */ = {
			isa = PBXSourcesBuildPhase;
			buildActionMask = 2147483647;
			files = (
				8571994F18FD19B500F4515B /* KQViewController.m in Sources */,
				8571994918FD19B400F4515B /* KQAppDelegate.m in Sources */,
				8571994518FD19B400F4515B /* main.m in Sources */,
			);
			runOnlyForDeploymentPostprocessing = 0;
		};
		8571995218FD19B500F4515B /* Sources */ = {
			isa = PBXSourcesBuildPhase;
			buildActionMask = 2147483647;
			files = (
				8571996418FD19B500F4515B /* UITableViewTestTests.m in Sources */,
			);
			runOnlyForDeploymentPostprocessing = 0;
		};
/* End PBXSourcesBuildPhase section */

/* Begin PBXTargetDependency section */
		8571995C18FD19B500F4515B /* PBXTargetDependency */ = {
			isa = PBXTargetDependency;
			target = 8571993418FD19B400F4515B /* UITableViewTest */;
			targetProxy = 8571995B18FD19B500F4515B /* PBXContainerItemProxy */;
		};
/* End PBXTargetDependency section */

/* Begin PBXVariantGroup section */
		8571994118FD19B400F4515B /* InfoPlist.strings */ = {
			isa = PBXVariantGroup;
			children = (
				8571994218FD19B400F4515B /* en */,
			);
			name = InfoPlist.strings;
			sourceTree = "<group>";
		};
		8571994A18FD19B500F4515B /* Main.storyboard */ = {
			isa = PBXVariantGroup;
			children = (
				8571994B18FD19B500F4515B /* Base */,
			);
			name = Main.storyboard;
			sourceTree = "<group>";
		};
		8571996018FD19B500F4515B /* InfoPlist.strings */ = {
			isa = PBXVariantGroup;
			children = (
				8571996118FD19B500F4515B /* en */,
			);
			name = InfoPlist.strings;
			sourceTree = "<group>";
		};
/* End PBXVariantGroup section */

/* Begin XCBuildConfiguration section */
		8571996518FD19B500F4515B /* Debug */ = {
			isa = XCBuildConfiguration;
			buildSettings = {
				ALWAYS_SEARCH_USER_PATHS = NO;
				CLANG_CXX_LANGUAGE_STANDARD = "gnu++0x";
				CLANG_CXX_LIBRARY = "libc++";
				CLANG_ENABLE_MODULES = YES;
				CLANG_ENABLE_OBJC_ARC = YES;
				CLANG_WARN_BOOL_CONVERSION = YES;
				CLANG_WARN_CONSTANT_CONVERSION = YES;
				CLANG_WARN_DIRECT_OBJC_ISA_USAGE = YES_ERROR;
				CLANG_WARN_EMPTY_BODY = YES;
				CLANG_WARN_ENUM_CONVERSION = YES;
				CLANG_WARN_INT_CONVERSION = YES;
				CLANG_WARN_OBJC_ROOT_CLASS = YES_ERROR;
				CLANG_WARN__DUPLICATE_METHOD_MATCH = YES;
				"CODE_SIGN_IDENTITY[sdk=iphoneos*]" = "iPhone Developer";
				COPY_PHASE_STRIP = NO;
				GCC_C_LANGUAGE_STANDARD = gnu99;
				GCC_DYNAMIC_NO_PIC = NO;
				GCC_OPTIMIZATION_LEVEL = 0;
				GCC_PREPROCESSOR_DEFINITIONS = (
					"DEBUG=1",
					"$(inherited)",
				);
				GCC_SYMBOLS_PRIVATE_EXTERN = NO;
				GCC_WARN_64_TO_32_BIT_CONVERSION = YES;
				GCC_WARN_ABOUT_RETURN_TYPE = YES_ERROR;
				GCC_WARN_UNDECLARED_SELECTOR = YES;
				GCC_WARN_UNINITIALIZED_AUTOS = YES_AGGRESSIVE;
				GCC_WARN_UNUSED_FUNCTION = YES;
				GCC_WARN_UNUSED_VARIABLE = YES;
				IPHONEOS_DEPLOYMENT_TARGET = 7.1;
				ONLY_ACTIVE_ARCH = YES;
				SDKROOT = iphoneos;
			};
			name = Debug;
		};
		8571996618FD19B500F4515B /* Release */ = {
			isa = XCBuildConfiguration;
			buildSettings = {
				ALWAYS_SEARCH_USER_PATHS = NO;
				CLANG_CXX_LANGUAGE_STANDARD = "gnu++0x";
				CLANG_CXX_LIBRARY = "libc++";
				CLANG_ENABLE_MODULES = YES;
				CLANG_ENABLE_OBJC_ARC = YES;
				CLANG_WARN_BOOL_CONVERSION = YES;
				CLANG_WARN_CONSTANT_CONVERSION = YES;
				CLANG_WARN_DIRECT_OBJC_ISA_USAGE = YES_ERROR;
				CLANG_WARN_EMPTY_BODY = YES;
				CLANG_WARN_ENUM_CONVERSION = YES;
				CLANG_WARN_INT_CONVERSION = YES;
				CLANG_WARN_OBJC_ROOT_CLASS = YES_ERROR;
				CLANG_WARN__DUPLICATE_METHOD_MATCH = YES;
				"CODE_SIGN_IDENTITY[sdk=iphoneos*]" = "iPhone Developer";
				COPY_PHASE_STRIP = YES;
				ENABLE_NS_ASSERTIONS = NO;
				GCC_C_LANGUAGE_STANDARD = gnu99;
				GCC_WARN_64_TO_32_BIT_CONVERSION = YES;
				GCC_WARN_ABOUT_RETURN_TYPE = YES_ERROR;
				GCC_WARN_UNDECLARED_SELECTOR = YES;
				GCC_WARN_UNINITIALIZED_AUTOS = YES_AGGRESSIVE;
				GCC_WARN_UNUSED_FUNCTION = YES;
				GCC_WARN_UNUSED_VARIABLE = YES;
				IPHONEOS_DEPLOYMENT_TARGET = 7.1;
				SDKROOT = iphoneos;
				VALIDATE_PRODUCT = YES;
			};
			name = Release;
		};
		8571996818FD19B500F4515B /* Debug */ = {
			isa = XCBuildConfiguration;
			buildSettings = {
				ASSETCATALOG_COMPILER_APPICON_NAME = AppIcon;
				ASSETCATALOG_COMPILER_LAUNCHIMAGE_NAME = LaunchImage;
				GCC_PRECOMPILE_PREFIX_HEADER = YES;
				GCC_PREFIX_HEADER = "UITableViewTest/UITableViewTest-Prefix.pch";
				INFOPLIST_FILE = "UITableViewTest/UITableViewTest-Info.plist";
				PRODUCT_NAME = "$(TARGET_NAME)";
				WRAPPER_EXTENSION = app;
			};
			name = Debug;
		};
		8571996918FD19B500F4515B /* Release */ = {
			isa = XCBuildConfiguration;
			buildSettings = {
				ASSETCATALOG_COMPILER_APPICON_NAME = AppIcon;
				ASSETCATALOG_COMPILER_LAUNCHIMAGE_NAME = LaunchImage;
				GCC_PRECOMPILE_PREFIX_HEADER = YES;
				GCC_PREFIX_HEADER = "UITableViewTest/UITableViewTest-Prefix.pch";
				INFOPLIST_FILE = "UITableViewTest/UITableViewTest-Info.plist";
				PRODUCT_NAME = "$(TARGET_NAME)";
				WRAPPER_EXTENSION = app;
			};
			name = Release;
		};
		8571996B18FD19B500F4515B /* Debug */ = {
			isa = XCBuildConfiguration;
			buildSettings = {
				BUNDLE_LOADER = "$(BUILT_PRODUCTS_DIR)/UITableViewTest.app/UITableViewTest";
				FRAMEWORK_SEARCH_PATHS = (
					"$(SDKROOT)/Developer/Library/Frameworks",
					"$(inherited)",
					"$(DEVELOPER_FRAMEWORKS_DIR)",
				);
				GCC_PRECOMPILE_PREFIX_HEADER = YES;
				GCC_PREFIX_HEADER = "UITableViewTest/UITableViewTest-Prefix.pch";
				GCC_PREPROCESSOR_DEFINITIONS = (
					"DEBUG=1",
					"$(inherited)",
				);
				INFOPLIST_FILE = "UITableViewTestTests/UITableViewTestTests-Info.plist";
				PRODUCT_NAME = "$(TARGET_NAME)";
				TEST_HOST = "$(BUNDLE_LOADER)";
				WRAPPER_EXTENSION = xctest;
			};
			name = Debug;
		};
		8571996C18FD19B500F4515B /* Release */ = {
			isa = XCBuildConfiguration;
			buildSettings = {
				BUNDLE_LOADER = "$(BUILT_PRODUCTS_DIR)/UITableViewTest.app/UITableViewTest";
				FRAMEWORK_SEARCH_PATHS = (
					"$(SDKROOT)/Developer/Library/Frameworks",
					"$(inherited)",
					"$(DEVELOPER_FRAMEWORKS_DIR)",
				);
				GCC_PRECOMPILE_PREFIX_HEADER = YES;
				GCC_PREFIX_HEADER = "UITableViewTest/UITableViewTest-Prefix.pch";
				INFOPLIST_FILE = "UITableViewTestTests/UITableViewTestTests-Info.plist";
				PRODUCT_NAME = "$(TARGET_NAME)";
				TEST_HOST = "$(BUNDLE_LOADER)";
				WRAPPER_EXTENSION = xctest;
			};
			name = Release;
		};
/* End XCBuildConfiguration section */

/* Begin XCConfigurationList section */
		8571993018FD19B400F4515B /* Build configuration list for PBXProject "UITableViewTest" */ = {
			isa = XCConfigurationList;
			buildConfigurations = (
				8571996518FD19B500F4515B /* Debug */,
				8571996618FD19B500F4515B /* Release */,
			);
			defaultConfigurationIsVisible = 0;
			defaultConfigurationName = Release;
		};
		8571996718FD19B500F4515B /* Build configuration list for PBXNativeTarget "UITableViewTest" */ = {
			isa = XCConfigurationList;
			buildConfigurations = (
				8571996818FD19B500F4515B /* Debug */,
				8571996918FD19B500F4515B /* Release */,
			);
			defaultConfigurationIsVisible = 0;
		};
		8571996A18FD19B500F4515B /* Build configuration list for PBXNativeTarget "UITableViewTestTests" */ = {
			isa = XCConfigurationList;
			buildConfigurations = (
				8571996B18FD19B500F4515B /* Debug */,
				8571996C18FD19B500F4515B /* Release */,
			);
			defaultConfigurationIsVisible = 0;
		};
/* End XCConfigurationList section */
	};
	rootObject = 8571992D18FD19B400F4515B /* Project object */;
}
